{
  "version": "4",
  "specifiers": {
    "jsr:@std/assert@*": "1.0.11",
    "jsr:@std/assert@1": "1.0.11",
    "jsr:@std/async@*": "1.0.10",
    "jsr:@std/internal@^1.0.5": "1.0.5",
    "npm:@ai-sdk/anthropic@^1.1.5": "1.1.5_zod@3.24.1",
    "npm:@ai-sdk/google@^1.1.6": "1.1.6_zod@3.24.1",
    "npm:@ai-sdk/openai@^1.1.5": "1.1.5_zod@3.24.1",
    "npm:@hono/zod-validator@~0.4.2": "0.4.2_hono@4.6.19_zod@3.24.1",
    "npm:@ianvs/prettier-plugin-sort-imports@^4.4.1": "4.4.1_prettier@3.4.2",
    "npm:@t3-oss/env-core@0.12": "0.12.0_zod@3.24.1",
    "npm:@types/node@*": "22.5.4",
    "npm:ai@^4.1.9": "4.1.9",
    "npm:hono@^4.6.19": "4.6.19",
    "npm:ollama-ai-provider@^1.2.0": "1.2.0",
    "npm:zod-form-data@^2.0.5": "2.0.5_zod@3.24.1",
    "npm:zod@^3.24.1": "3.24.1"
  },
  "jsr": {
    "@std/assert@1.0.11": {
      "integrity": "2461ef3c368fe88bc60e186e7744a93112f16fd110022e113a0849e94d1c83c1",
      "dependencies": [
        "jsr:@std/internal"
      ]
    },
    "@std/async@1.0.10": {
      "integrity": "2ff1b1c7d33d1416159989b0f69e59ec7ee8cb58510df01e454def2108b3dbec"
    },
    "@std/internal@1.0.5": {
      "integrity": "54a546004f769c1ac9e025abd15a76b6671ddc9687e2313b67376125650dc7ba"
    }
  },
  "npm": {
    "@ai-sdk/anthropic@1.1.5_zod@3.24.1": {
      "integrity": "sha512-HGs69t2dsHlt+c4nCeUcdx5ojXs25dH8xly88TZZoyjfiCRWjmyjQxiPHZL2ME864a+vEpQSmvn8DgvMFA4p2g==",
      "dependencies": [
        "@ai-sdk/provider",
        "@ai-sdk/provider-utils@2.1.5_zod@3.24.1",
        "zod"
      ]
    },
    "@ai-sdk/google@1.1.6_zod@3.24.1": {
      "integrity": "sha512-W9A2jYbPa8WlqyrLohWncIZ0fGWtyUuxjQNGhhMhlAdA+PZeS2pEy0hFJPr8IRRtxVYfRSbjnTpUrJO/vbcnqA==",
      "dependencies": [
        "@ai-sdk/provider",
        "@ai-sdk/provider-utils@2.1.5_zod@3.24.1",
        "zod"
      ]
    },
    "@ai-sdk/openai@1.1.5_zod@3.24.1": {
      "integrity": "sha512-pmZPeb99oWlV3PqMH5DVWtMGZgwWznInjdF0Bi4q1mKoEjomDXSYw+imvzMoSbpCrcGB9uFFTVx2VeR/jvcppg==",
      "dependencies": [
        "@ai-sdk/provider",
        "@ai-sdk/provider-utils@2.1.5_zod@3.24.1",
        "zod"
      ]
    },
    "@ai-sdk/provider-utils@2.1.5": {
      "integrity": "sha512-PcNR7E4ovZGV/J47gUqaFlvzorgca6uUfN5WzfXJSFWeOeLunN+oxRVwgUOwj0zbmO0yGQTHQD+FHVw8s3Rz8w==",
      "dependencies": [
        "@ai-sdk/provider",
        "eventsource-parser",
        "nanoid",
        "secure-json-parse"
      ]
    },
    "@ai-sdk/provider-utils@2.1.5_zod@3.24.1": {
      "integrity": "sha512-PcNR7E4ovZGV/J47gUqaFlvzorgca6uUfN5WzfXJSFWeOeLunN+oxRVwgUOwj0zbmO0yGQTHQD+FHVw8s3Rz8w==",
      "dependencies": [
        "@ai-sdk/provider",
        "eventsource-parser",
        "nanoid",
        "secure-json-parse",
        "zod"
      ]
    },
    "@ai-sdk/provider@1.0.6": {
      "integrity": "sha512-hwj/gFNxpDgEfTaYzCYoslmw01IY9kWLKl/wf8xuPvHtQIzlfXWmmUwc8PnCwxyt8cKzIuV0dfUghCf68HQ0SA==",
      "dependencies": [
        "json-schema"
      ]
    },
    "@ai-sdk/react@1.1.6": {
      "integrity": "sha512-kP5pimLyNWldw8+0j3ym+AACFEXcQHdELNtk45wDJA3HoH486x/zffdn7yLc3c1DOu5apew+COl8CNL4A+2E4g==",
      "dependencies": [
        "@ai-sdk/provider-utils@2.1.5",
        "@ai-sdk/ui-utils",
        "swr",
        "throttleit"
      ]
    },
    "@ai-sdk/ui-utils@1.1.6": {
      "integrity": "sha512-YAwZhFwpIcvWERIjkET2o2MAwMFfJG18WdtcIjtxxMW7hA0bt5cliOV78DVcwRrxqJ2IKBlxaFmwUjW6M4SdOQ==",
      "dependencies": [
        "@ai-sdk/provider",
        "@ai-sdk/provider-utils@2.1.5",
        "zod-to-json-schema"
      ]
    },
    "@babel/code-frame@7.26.2": {
      "integrity": "sha512-RJlIHRueQgwWitWgF8OdFYGZX328Ax5BCemNGlqHfplnRT9ESi8JkFlvaVYbS+UubVY6dpv87Fs2u5M29iNFVQ==",
      "dependencies": [
        "@babel/helper-validator-identifier",
        "js-tokens",
        "picocolors"
      ]
    },
    "@babel/generator@7.26.5": {
      "integrity": "sha512-2caSP6fN9I7HOe6nqhtft7V4g7/V/gfDsC3Ag4W7kEzzvRGKqiv0pu0HogPiZ3KaVSoNDhUws6IJjDjpfmYIXw==",
      "dependencies": [
        "@babel/parser",
        "@babel/types",
        "@jridgewell/gen-mapping",
        "@jridgewell/trace-mapping",
        "jsesc"
      ]
    },
    "@babel/helper-string-parser@7.25.9": {
      "integrity": "sha512-4A/SCr/2KLd5jrtOMFzaKjVtAei3+2r/NChoBNoZ3EyP/+GlhoaEGoWOZUmFmoITP7zOJyHIMm+DYRd8o3PvHA=="
    },
    "@babel/helper-validator-identifier@7.25.9": {
      "integrity": "sha512-Ed61U6XJc3CVRfkERJWDz4dJwKe7iLmmJsbOGu9wSloNSFttHV0I8g6UAgb7qnK5ly5bGLPd4oXZlxCdANBOWQ=="
    },
    "@babel/parser@7.26.7": {
      "integrity": "sha512-kEvgGGgEjRUutvdVvZhbn/BxVt+5VSpwXz1j3WYXQbXDo8KzFOPNG2GQbdAiNq8g6wn1yKk7C/qrke03a84V+w==",
      "dependencies": [
        "@babel/types"
      ]
    },
    "@babel/template@7.25.9": {
      "integrity": "sha512-9DGttpmPvIxBb/2uwpVo3dqJ+O6RooAFOS+lB+xDqoE2PVCE8nfoHMdZLpfCQRLwvohzXISPZcgxt80xLfsuwg==",
      "dependencies": [
        "@babel/code-frame",
        "@babel/parser",
        "@babel/types"
      ]
    },
    "@babel/traverse@7.26.7": {
      "integrity": "sha512-1x1sgeyRLC3r5fQOM0/xtQKsYjyxmFjaOrLJNtZ81inNjyJHGIolTULPiSc/2qe1/qfpFLisLQYFnnZl7QoedA==",
      "dependencies": [
        "@babel/code-frame",
        "@babel/generator",
        "@babel/parser",
        "@babel/template",
        "@babel/types",
        "debug",
        "globals"
      ]
    },
    "@babel/types@7.26.7": {
      "integrity": "sha512-t8kDRGrKXyp6+tjUh7hw2RLyclsW4TRoRvRHtSyAX9Bb5ldlFh+90YAYY6awRXrlB4G5G2izNeGySpATlFzmOg==",
      "dependencies": [
        "@babel/helper-string-parser",
        "@babel/helper-validator-identifier"
      ]
    },
    "@hono/zod-validator@0.4.2_hono@4.6.19_zod@3.24.1": {
      "integrity": "sha512-1rrlBg+EpDPhzOV4hT9pxr5+xDVmKuz6YJl+la7VCwK6ass5ldyKm5fD+umJdV2zhHD6jROoCCv8NbTwyfhT0g==",
      "dependencies": [
        "hono",
        "zod"
      ]
    },
    "@ianvs/prettier-plugin-sort-imports@4.4.1_prettier@3.4.2": {
      "integrity": "sha512-F0/Hrcfpy8WuxlQyAWJTEren/uxKhYonOGY4OyWmwRdeTvkh9mMSCxowZLjNkhwi/2ipqCgtXwwOk7tW0mWXkA==",
      "dependencies": [
        "@babel/generator",
        "@babel/parser",
        "@babel/traverse",
        "@babel/types",
        "prettier",
        "semver"
      ]
    },
    "@jridgewell/gen-mapping@0.3.8": {
      "integrity": "sha512-imAbBGkb+ebQyxKgzv5Hu2nmROxoDOXHh80evxdoXNOrvAnVx7zimzc1Oo5h9RlfV4vPXaE2iM5pOFbvOCClWA==",
      "dependencies": [
        "@jridgewell/set-array",
        "@jridgewell/sourcemap-codec",
        "@jridgewell/trace-mapping"
      ]
    },
    "@jridgewell/resolve-uri@3.1.2": {
      "integrity": "sha512-bRISgCIjP20/tbWSPWMEi54QVPRZExkuD9lJL+UIxUKtwVJA8wW1Trb1jMs1RFXo1CBTNZ/5hpC9QvmKWdopKw=="
    },
    "@jridgewell/set-array@1.2.1": {
      "integrity": "sha512-R8gLRTZeyp03ymzP/6Lil/28tGeGEzhx1q2k703KGWRAI1VdvPIXdG70VJc2pAMw3NA6JKL5hhFu1sJX0Mnn/A=="
    },
    "@jridgewell/sourcemap-codec@1.5.0": {
      "integrity": "sha512-gv3ZRaISU3fjPAgNsriBRqGWQL6quFx04YMPW/zD8XMLsU32mhCCbfbO6KZFLjvYpCZ8zyDEgqsgf+PwPaM7GQ=="
    },
    "@jridgewell/trace-mapping@0.3.25": {
      "integrity": "sha512-vNk6aEwybGtawWmy/PzwnGDOjCkLWSD2wqvjGGAgOAwCGWySYXfYoxt00IJkTF+8Lb57DwOb3Aa0o9CApepiYQ==",
      "dependencies": [
        "@jridgewell/resolve-uri",
        "@jridgewell/sourcemap-codec"
      ]
    },
    "@opentelemetry/api@1.9.0": {
      "integrity": "sha512-3giAOQvZiH5F9bMlMiv8+GSPMeqg0dbaeo58/0SlA9sxSqZhnUtxzX9/2FzyhS9sWQf5S0GJE0AKBrFqjpeYcg=="
    },
    "@t3-oss/env-core@0.12.0_zod@3.24.1": {
      "integrity": "sha512-lOPj8d9nJJTt81mMuN9GMk8x5veOt7q9m11OSnCBJhwp1QrL/qR+M8Y467ULBSm9SunosryWNbmQQbgoiMgcdw==",
      "dependencies": [
        "zod"
      ]
    },
    "@types/diff-match-patch@1.0.36": {
      "integrity": "sha512-xFdR6tkm0MWvBfO8xXCSsinYxHcqkQUlcHeSpMC2ukzOb6lwQAfDmW+Qt0AvlGd8HpsS28qKsB+oPeJn9I39jg=="
    },
    "@types/node@22.5.4": {
      "integrity": "sha512-FDuKUJQm/ju9fT/SeX/6+gBzoPzlVCzfzmGkwKvRHQVxi4BntVbyIwf6a4Xn62mrvndLiml6z/UBXIdEVjQLXg==",
      "dependencies": [
        "undici-types"
      ]
    },
    "ai@4.1.9": {
      "integrity": "sha512-EUc21jyV/2Fv0hEd4toLxQMxjTXBWjKnw16tpto12Vrg/EvkmfVSEvtwXDa+J70iPDmASxL10VKmJk/wnb6bZA==",
      "dependencies": [
        "@ai-sdk/provider",
        "@ai-sdk/provider-utils@2.1.5",
        "@ai-sdk/react",
        "@ai-sdk/ui-utils",
        "@opentelemetry/api",
        "jsondiffpatch"
      ]
    },
    "chalk@5.4.1": {
      "integrity": "sha512-zgVZuo2WcZgfUEmsn6eO3kINexW8RAE4maiQ8QNs8CtpPCSyMiYsULR3HQYkm3w8FIA3SberyMJMSldGsW+U3w=="
    },
    "debug@4.4.0": {
      "integrity": "sha512-6WTZ/IxCY/T6BALoZHaE4ctp9xm+Z5kY/pzYaCHRFeyVhojxlrm+46y68HA6hr0TcwEssoxNiDEUJQjfPZ/RYA==",
      "dependencies": [
        "ms"
      ]
    },
    "dequal@2.0.3": {
      "integrity": "sha512-0je+qPKHEMohvfRTCEo3CrPG6cAzAYgmzKyxRiYSSDkS6eGJdyVJm7WaYA5ECaAD9wLB2T4EEeymA5aFVcYXCA=="
    },
    "diff-match-patch@1.0.5": {
      "integrity": "sha512-IayShXAgj/QMXgB0IWmKx+rOPuGMhqm5w6jvFxmVenXKIzRqTAAsbBPT3kWQeGANj3jGgvcvv4yK6SxqYmikgw=="
    },
    "eventsource-parser@3.0.0": {
      "integrity": "sha512-T1C0XCUimhxVQzW4zFipdx0SficT651NnkR0ZSH3yQwh+mFMdLfgjABVi4YtMTtaL4s168593DaoaRLMqryavA=="
    },
    "globals@11.12.0": {
      "integrity": "sha512-WOBp/EEGUiIsJSp7wcv/y6MO+lV9UoncWqxuFfm8eBwzWNgyfBd6Gz+IeKQ9jCmyhoH99g15M3T+QaVHFjizVA=="
    },
    "hono@4.6.19": {
      "integrity": "sha512-Xw5DwU2cewEsQ1DkDCdy6aBJkEBARl5loovoL1gL3/gw81RdaPbXrNJYp3LoQpzpJ7ECC/1OFi/vn3UZTLHFEw=="
    },
    "js-tokens@4.0.0": {
      "integrity": "sha512-RdJUflcE3cUzKiMqQgsCu06FPu9UdIJO0beYbPhHN4k6apgJtifcoCtT9bcxOpYBtpD2kCM6Sbzg4CausW/PKQ=="
    },
    "jsesc@3.1.0": {
      "integrity": "sha512-/sM3dO2FOzXjKQhJuo0Q173wf2KOo8t4I8vHy6lF9poUp7bKT0/NHE8fPX23PwfhnykfqnC2xRxOnVw5XuGIaA=="
    },
    "json-schema@0.4.0": {
      "integrity": "sha512-es94M3nTIfsEPisRafak+HDLfHXnKBhV3vU5eqPcS3flIWqcxJWgXHXiey3YrpaNsanY5ei1VoYEbOzijuq9BA=="
    },
    "jsondiffpatch@0.6.0": {
      "integrity": "sha512-3QItJOXp2AP1uv7waBkao5nCvhEv+QmJAd38Ybq7wNI74Q+BBmnLn4EDKz6yI9xGAIQoUF87qHt+kc1IVxB4zQ==",
      "dependencies": [
        "@types/diff-match-patch",
        "chalk",
        "diff-match-patch"
      ]
    },
    "ms@2.1.3": {
      "integrity": "sha512-6FlzubTLZG3J2a/NVCAleEhjzq5oxgHyaCU9yYXvcLsvoVaHJq/s5xXI6/XXP6tz7R9xAOtHnSO/tXtF3WRTlA=="
    },
    "nanoid@3.3.8": {
      "integrity": "sha512-WNLf5Sd8oZxOm+TzppcYk8gVOgP+l58xNy58D0nbUnOxOWRWvlcCV4kUF7ltmI6PsrLl/BgKEyS4mqsGChFN0w=="
    },
    "ollama-ai-provider@1.2.0": {
      "integrity": "sha512-jTNFruwe3O/ruJeppI/quoOUxG7NA6blG3ZyQj3lei4+NnJo7bi3eIRWqlVpRlu/mbzbFXeJSBuYQWF6pzGKww==",
      "dependencies": [
        "@ai-sdk/provider",
        "@ai-sdk/provider-utils@2.1.5",
        "partial-json"
      ]
    },
    "partial-json@0.1.7": {
      "integrity": "sha512-Njv/59hHaokb/hRUjce3Hdv12wd60MtM9Z5Olmn+nehe0QDAsRtRbJPvJ0Z91TusF0SuZRIvnM+S4l6EIP8leA=="
    },
    "picocolors@1.1.1": {
      "integrity": "sha512-xceH2snhtb5M9liqDsmEw56le376mTZkEX/jEb/RxNFyegNul7eNslCXP9FDj/Lcu0X8KEyMceP2ntpaHrDEVA=="
    },
    "prettier@3.4.2": {
      "integrity": "sha512-e9MewbtFo+Fevyuxn/4rrcDAaq0IYxPGLvObpQjiZBMAzB9IGmzlnG9RZy3FFas+eBMu2vA0CszMeduow5dIuQ=="
    },
    "react@19.0.0": {
      "integrity": "sha512-V8AVnmPIICiWpGfm6GLzCR/W5FXLchHop40W4nXBmdlEceh16rCN8O8LNWm5bh5XUX91fh7KpA+W0TgMKmgTpQ=="
    },
    "secure-json-parse@2.7.0": {
      "integrity": "sha512-6aU+Rwsezw7VR8/nyvKTx8QpWH9FrcYiXXlqC4z5d5XQBDRqtbfsRjnwGyqbi3gddNtWHuEk9OANUotL26qKUw=="
    },
    "semver@7.6.3": {
      "integrity": "sha512-oVekP1cKtI+CTDvHWYFUcMtsK/00wmAEfyqKfNdARm8u1wNVhSgaX7A8d4UuIlUI5e84iEwOhs7ZPYRmzU9U6A=="
    },
    "swr@2.3.0_react@19.0.0": {
      "integrity": "sha512-NyZ76wA4yElZWBHzSgEJc28a0u6QZvhb6w0azeL2k7+Q1gAzVK+IqQYXhVOC/mzi+HZIozrZvBVeSeOZNR2bqA==",
      "dependencies": [
        "dequal",
        "react",
        "use-sync-external-store"
      ]
    },
    "throttleit@2.1.0": {
      "integrity": "sha512-nt6AMGKW1p/70DF/hGBdJB57B8Tspmbp5gfJ8ilhLnt7kkr2ye7hzD6NVG8GGErk2HWF34igrL2CXmNIkzKqKw=="
    },
    "undici-types@6.19.8": {
      "integrity": "sha512-ve2KP6f/JnbPBFyobGHuerC9g1FYGn/F8n1LWTwNxCEzd6IfqTwUQcNXgEtmmQ6DlRrC1hrSrBnCZPokRrDHjw=="
    },
    "use-sync-external-store@1.4.0_react@19.0.0": {
      "integrity": "sha512-9WXSPC5fMv61vaupRkCKCxsPxBocVnwakBEkMIHHpkTTg6icbJtg6jzgtLDm4bl3cSHAca52rYWih0k4K3PfHw==",
      "dependencies": [
        "react"
      ]
    },
    "zod-form-data@2.0.5_zod@3.24.1": {
      "integrity": "sha512-T7dV6lTBCwkd8PyvJVCnjXKpgXomU8gEm/TcvEZY7qNdRhIo9T17HrdlHIK68PzTAYaV2HxR9rgwpTSWv0L+QQ==",
      "dependencies": [
        "zod"
      ]
    },
    "zod-to-json-schema@3.24.1_zod@3.24.1": {
      "integrity": "sha512-3h08nf3Vw3Wl3PK+q3ow/lIil81IT2Oa7YpQyUUDsEWbXveMesdfK1xBd2RhCkynwZndAxixji/7SYJJowr62w==",
      "dependencies": [
        "zod"
      ]
    },
    "zod@3.24.1": {
      "integrity": "sha512-muH7gBL9sI1nciMZV67X5fTKKBLtwpZ5VBp1vsOQzj1MhrBZ4wlVCm3gedKZWLp0Oyel8sIGfeiz54Su+OVT+A=="
    }
  },
  "workspace": {
    "dependencies": [
      "jsr:@std/assert@1",
      "npm:@ai-sdk/anthropic@^1.1.5",
      "npm:@ai-sdk/google@^1.1.6",
      "npm:@ai-sdk/openai@^1.1.5",
      "npm:@hono/zod-validator@~0.4.2",
      "npm:@ianvs/prettier-plugin-sort-imports@^4.4.1",
      "npm:@t3-oss/env-core@0.12",
      "npm:ai@^4.1.9",
      "npm:hono@^4.6.19",
      "npm:ollama-ai-provider@^1.2.0",
      "npm:zod-form-data@^2.0.5",
      "npm:zod@^3.24.1"
    ]
  }
}
